// !$*UTF8*$!
{
	archiveVersion = 1;
	classes = {
	};
	objectVersion = 48;
	objects = {

/* Begin PBXBuildFile section */
		6974B03D20DAB34E00514BD4 /* AppDelegate.swift in Sources */ = {isa = PBXBuildFile; fileRef = 6974B03C20DAB34E00514BD4 /* AppDelegate.swift */; };
		6974B03F20DAB34E00514BD4 /* ViewController.swift in Sources */ = {isa = PBXBuildFile; fileRef = 6974B03E20DAB34E00514BD4 /* ViewController.swift */; };
		6974B04220DAB34E00514BD4 /* Main.storyboard in Resources */ = {isa = PBXBuildFile; fileRef = 6974B04020DAB34E00514BD4 /* Main.storyboard */; };
		6974B04420DAB34E00514BD4 /* Assets.xcassets in Resources */ = {isa = PBXBuildFile; fileRef = 6974B04320DAB34E00514BD4 /* Assets.xcassets */; };
		6974B04720DAB34E00514BD4 /* LaunchScreen.storyboard in Resources */ = {isa = PBXBuildFile; fileRef = 6974B04520DAB34E00514BD4 /* LaunchScreen.storyboard */; };
		6974B05220DAB34E00514BD4 /* BitriseIssueFixerTests.swift in Sources */ = {isa = PBXBuildFile; fileRef = 6974B05120DAB34E00514BD4 /* BitriseIssueFixerTests.swift */; };
		6974B05D20DAB34E00514BD4 /* BitriseIssueFixerUITests.swift in Sources */ = {isa = PBXBuildFile; fileRef = 6974B05C20DAB34E00514BD4 /* BitriseIssueFixerUITests.swift */; };
/* End PBXBuildFile section */

/* Begin PBXContainerItemProxy section */
		6974B04E20DAB34E00514BD4 /* PBXContainerItemProxy */ = {
			isa = PBXContainerItemProxy;
			containerPortal = 6974B03120DAB34E00514BD4 /* Project object */;
			proxyType = 1;
			remoteGlobalIDString = 6974B03820DAB34E00514BD4;
			remoteInfo = BitriseIssueFixer;
		};
		6974B05920DAB34E00514BD4 /* PBXContainerItemProxy */ = {
			isa = PBXContainerItemProxy;
			containerPortal = 6974B03120DAB34E00514BD4 /* Project object */;
			proxyType = 1;
			remoteGlobalIDString = 6974B03820DAB34E00514BD4;
			remoteInfo = BitriseIssueFixer;
		};
/* End PBXContainerItemProxy section */

/* Begin PBXFileReference section */
		6974B03920DAB34E00514BD4 /* BitriseIssueFixer.app */ = {isa = PBXFileReference; explicitFileType = wrapper.application; includeInIndex = 0; path = BitriseIssueFixer.app; sourceTree = BUILT_PRODUCTS_DIR; };
		6974B03C20DAB34E00514BD4 /* AppDelegate.swift */ = {isa = PBXFileReference; lastKnownFileType = sourcecode.swift; path = AppDelegate.swift; sourceTree = "<group>"; };
		6974B03E20DAB34E00514BD4 /* ViewController.swift */ = {isa = PBXFileReference; lastKnownFileType = sourcecode.swift; path = ViewController.swift; sourceTree = "<group>"; };
		6974B04120DAB34E00514BD4 /* Base */ = {isa = PBXFileReference; lastKnownFileType = file.storyboard; name = Base; path = Base.lproj/Main.storyboard; sourceTree = "<group>"; };
		6974B04320DAB34E00514BD4 /* Assets.xcassets */ = {isa = PBXFileReference; lastKnownFileType = folder.assetcatalog; path = Assets.xcassets; sourceTree = "<group>"; };
		6974B04620DAB34E00514BD4 /* Base */ = {isa = PBXFileReference; lastKnownFileType = file.storyboard; name = Base; path = Base.lproj/LaunchScreen.storyboard; sourceTree = "<group>"; };
		6974B04820DAB34E00514BD4 /* Info.plist */ = {isa = PBXFileReference; lastKnownFileType = text.plist.xml; path = Info.plist; sourceTree = "<group>"; };
		6974B04D20DAB34E00514BD4 /* BitriseIssueFixerTests.xctest */ = {isa = PBXFileReference; explicitFileType = wrapper.cfbundle; includeInIndex = 0; path = BitriseIssueFixerTests.xctest; sourceTree = BUILT_PRODUCTS_DIR; };
		6974B05120DAB34E00514BD4 /* BitriseIssueFixerTests.swift */ = {isa = PBXFileReference; lastKnownFileType = sourcecode.swift; path = BitriseIssueFixerTests.swift; sourceTree = "<group>"; };
		6974B05320DAB34E00514BD4 /* Info.plist */ = {isa = PBXFileReference; lastKnownFileType = text.plist.xml; path = Info.plist; sourceTree = "<group>"; };
		6974B05820DAB34E00514BD4 /* BitriseIssueFixerUITests.xctest */ = {isa = PBXFileReference; explicitFileType = wrapper.cfbundle; includeInIndex = 0; path = BitriseIssueFixerUITests.xctest; sourceTree = BUILT_PRODUCTS_DIR; };
		6974B05C20DAB34E00514BD4 /* BitriseIssueFixerUITests.swift */ = {isa = PBXFileReference; lastKnownFileType = sourcecode.swift; path = BitriseIssueFixerUITests.swift; sourceTree = "<group>"; };
		6974B05E20DAB34E00514BD4 /* Info.plist */ = {isa = PBXFileReference; lastKnownFileType = text.plist.xml; path = Info.plist; sourceTree = "<group>"; };
/* End PBXFileReference section */

/* Begin PBXFrameworksBuildPhase section */
		6974B03620DAB34E00514BD4 /* Frameworks */ = {
			isa = PBXFrameworksBuildPhase;
			buildActionMask = 2147483647;
			files = (
			);
			runOnlyForDeploymentPostprocessing = 0;
		};
		6974B04A20DAB34E00514BD4 /* Frameworks */ = {
			isa = PBXFrameworksBuildPhase;
			buildActionMask = 2147483647;
			files = (
			);
			runOnlyForDeploymentPostprocessing = 0;
		};
		6974B05520DAB34E00514BD4 /* Frameworks */ = {
			isa = PBXFrameworksBuildPhase;
			buildActionMask = 2147483647;
			files = (
			);
			runOnlyForDeploymentPostprocessing = 0;
		};
/* End PBXFrameworksBuildPhase section */

/* Begin PBXGroup section */
		6974B03020DAB34E00514BD4 = {
			isa = PBXGroup;
			children = (
				6974B03B20DAB34E00514BD4 /* BitriseIssueFixer */,
				6974B05020DAB34E00514BD4 /* BitriseIssueFixerTests */,
				6974B05B20DAB34E00514BD4 /* BitriseIssueFixerUITests */,
				6974B03A20DAB34E00514BD4 /* Products */,
			);
			sourceTree = "<group>";
		};
		6974B03A20DAB34E00514BD4 /* Products */ = {
			isa = PBXGroup;
			children = (
				6974B03920DAB34E00514BD4 /* BitriseIssueFixer.app */,
				6974B04D20DAB34E00514BD4 /* BitriseIssueFixerTests.xctest */,
				6974B05820DAB34E00514BD4 /* BitriseIssueFixerUITests.xctest */,
			);
			name = Products;
			sourceTree = "<group>";
		};
		6974B03B20DAB34E00514BD4 /* BitriseIssueFixer */ = {
			isa = PBXGroup;
			children = (
				6974B03C20DAB34E00514BD4 /* AppDelegate.swift */,
				6974B03E20DAB34E00514BD4 /* ViewController.swift */,
				6974B04020DAB34E00514BD4 /* Main.storyboard */,
				6974B04320DAB34E00514BD4 /* Assets.xcassets */,
				6974B04520DAB34E00514BD4 /* LaunchScreen.storyboard */,
				6974B04820DAB34E00514BD4 /* Info.plist */,
			);
			path = BitriseIssueFixer;
			sourceTree = "<group>";
		};
		6974B05020DAB34E00514BD4 /* BitriseIssueFixerTests */ = {
			isa = PBXGroup;
			children = (
				6974B05120DAB34E00514BD4 /* BitriseIssueFixerTests.swift */,
				6974B05320DAB34E00514BD4 /* Info.plist */,
			);
			path = BitriseIssueFixerTests;
			sourceTree = "<group>";
		};
		6974B05B20DAB34E00514BD4 /* BitriseIssueFixerUITests */ = {
			isa = PBXGroup;
			children = (
				6974B05C20DAB34E00514BD4 /* BitriseIssueFixerUITests.swift */,
				6974B05E20DAB34E00514BD4 /* Info.plist */,
			);
			path = BitriseIssueFixerUITests;
			sourceTree = "<group>";
		};
/* End PBXGroup section */

/* Begin PBXNativeTarget section */
		6974B03820DAB34E00514BD4 /* BitriseIssueFixer */ = {
			isa = PBXNativeTarget;
			buildConfigurationList = 6974B06120DAB34E00514BD4 /* Build configuration list for PBXNativeTarget "BitriseIssueFixer" */;
			buildPhases = (
				6974B03520DAB34E00514BD4 /* Sources */,
				6974B03620DAB34E00514BD4 /* Frameworks */,
				6974B03720DAB34E00514BD4 /* Resources */,
			);
			buildRules = (
			);
			dependencies = (
			);
			name = BitriseIssueFixer;
			productName = BitriseIssueFixer;
			productReference = 6974B03920DAB34E00514BD4 /* BitriseIssueFixer.app */;
			productType = "com.apple.product-type.application";
		};
		6974B04C20DAB34E00514BD4 /* BitriseIssueFixerTests */ = {
			isa = PBXNativeTarget;
			buildConfigurationList = 6974B06420DAB34E00514BD4 /* Build configuration list for PBXNativeTarget "BitriseIssueFixerTests" */;
			buildPhases = (
				6974B04920DAB34E00514BD4 /* Sources */,
				6974B04A20DAB34E00514BD4 /* Frameworks */,
				6974B04B20DAB34E00514BD4 /* Resources */,
			);
			buildRules = (
			);
			dependencies = (
				6974B04F20DAB34E00514BD4 /* PBXTargetDependency */,
			);
			name = BitriseIssueFixerTests;
			productName = BitriseIssueFixerTests;
			productReference = 6974B04D20DAB34E00514BD4 /* BitriseIssueFixerTests.xctest */;
			productType = "com.apple.product-type.bundle.unit-test";
		};
		6974B05720DAB34E00514BD4 /* BitriseIssueFixerUITests */ = {
			isa = PBXNativeTarget;
			buildConfigurationList = 6974B06720DAB34E00514BD4 /* Build configuration list for PBXNativeTarget "BitriseIssueFixerUITests" */;
			buildPhases = (
				6974B05420DAB34E00514BD4 /* Sources */,
				6974B05520DAB34E00514BD4 /* Frameworks */,
				6974B05620DAB34E00514BD4 /* Resources */,
			);
			buildRules = (
			);
			dependencies = (
				6974B05A20DAB34E00514BD4 /* PBXTargetDependency */,
			);
			name = BitriseIssueFixerUITests;
			productName = BitriseIssueFixerUITests;
			productReference = 6974B05820DAB34E00514BD4 /* BitriseIssueFixerUITests.xctest */;
			productType = "com.apple.product-type.bundle.ui-testing";
		};
/* End PBXNativeTarget section */

/* Begin PBXProject section */
		6974B03120DAB34E00514BD4 /* Project object */ = {
			isa = PBXProject;
			attributes = {
				LastSwiftUpdateCheck = 0920;
				LastUpgradeCheck = 0920;
				ORGANIZATIONNAME = "British Airways";
				TargetAttributes = {
					6974B03820DAB34E00514BD4 = {
						CreatedOnToolsVersion = 9.2;
						ProvisioningStyle = Automatic;
					};
					6974B04C20DAB34E00514BD4 = {
						CreatedOnToolsVersion = 9.2;
						ProvisioningStyle = Automatic;
						TestTargetID = 6974B03820DAB34E00514BD4;
					};
					6974B05720DAB34E00514BD4 = {
						CreatedOnToolsVersion = 9.2;
						ProvisioningStyle = Automatic;
						TestTargetID = 6974B03820DAB34E00514BD4;
					};
				};
			};
			buildConfigurationList = 6974B03420DAB34E00514BD4 /* Build configuration list for PBXProject "BitriseIssueFixer" */;
			compatibilityVersion = "Xcode 8.0";
			developmentRegion = en;
			hasScannedForEncodings = 0;
			knownRegions = (
				en,
				Base,
			);
			mainGroup = 6974B03020DAB34E00514BD4;
			productRefGroup = 6974B03A20DAB34E00514BD4 /* Products */;
			projectDirPath = "";
			projectRoot = "";
			targets = (
				6974B03820DAB34E00514BD4 /* BitriseIssueFixer */,
				6974B04C20DAB34E00514BD4 /* BitriseIssueFixerTests */,
				6974B05720DAB34E00514BD4 /* BitriseIssueFixerUITests */,
			);
		};
/* End PBXProject section */

/* Begin PBXResourcesBuildPhase section */
		6974B03720DAB34E00514BD4 /* Resources */ = {
			isa = PBXResourcesBuildPhase;
			buildActionMask = 2147483647;
			files = (
				6974B04720DAB34E00514BD4 /* LaunchScreen.storyboard in Resources */,
				6974B04420DAB34E00514BD4 /* Assets.xcassets in Resources */,
				6974B04220DAB34E00514BD4 /* Main.storyboard in Resources */,
			);
			runOnlyForDeploymentPostprocessing = 0;
		};
		6974B04B20DAB34E00514BD4 /* Resources */ = {
			isa = PBXResourcesBuildPhase;
			buildActionMask = 2147483647;
			files = (
			);
			runOnlyForDeploymentPostprocessing = 0;
		};
		6974B05620DAB34E00514BD4 /* Resources */ = {
			isa = PBXResourcesBuildPhase;
			buildActionMask = 2147483647;
			files = (
			);
			runOnlyForDeploymentPostprocessing = 0;
		};
/* End PBXResourcesBuildPhase section */

/* Begin PBXSourcesBuildPhase section */
		6974B03520DAB34E00514BD4 /* Sources */ = {
			isa = PBXSourcesBuildPhase;
			buildActionMask = 2147483647;
			files = (
				6974B03F20DAB34E00514BD4 /* ViewController.swift in Sources */,
				6974B03D20DAB34E00514BD4 /* AppDelegate.swift in Sources */,
			);
			runOnlyForDeploymentPostprocessing = 0;
		};
		6974B04920DAB34E00514BD4 /* Sources */ = {
			isa = PBXSourcesBuildPhase;
			buildActionMask = 2147483647;
			files = (
				6974B05220DAB34E00514BD4 /* BitriseIssueFixerTests.swift in Sources */,
			);
			runOnlyForDeploymentPostprocessing = 0;
		};
		6974B05420DAB34E00514BD4 /* Sources */ = {
			isa = PBXSourcesBuildPhase;
			buildActionMask = 2147483647;
			files = (
				6974B05D20DAB34E00514BD4 /* BitriseIssueFixerUITests.swift in Sources */,
			);
			runOnlyForDeploymentPostprocessing = 0;
		};
/* End PBXSourcesBuildPhase section */

/* Begin PBXTargetDependency section */
		6974B04F20DAB34E00514BD4 /* PBXTargetDependency */ = {
			isa = PBXTargetDependency;
			target = 6974B03820DAB34E00514BD4 /* BitriseIssueFixer */;
			targetProxy = 6974B04E20DAB34E00514BD4 /* PBXContainerItemProxy */;
		};
		6974B05A20DAB34E00514BD4 /* PBXTargetDependency */ = {
			isa = PBXTargetDependency;
			target = 6974B03820DAB34E00514BD4 /* BitriseIssueFixer */;
			targetProxy = 6974B05920DAB34E00514BD4 /* PBXContainerItemProxy */;
		};
/* End PBXTargetDependency section */

/* Begin PBXVariantGroup section */
		6974B04020DAB34E00514BD4 /* Main.storyboard */ = {
			isa = PBXVariantGroup;
			children = (
				6974B04120DAB34E00514BD4 /* Base */,
			);
			name = Main.storyboard;
			sourceTree = "<group>";
		};
		6974B04520DAB34E00514BD4 /* LaunchScreen.storyboard */ = {
			isa = PBXVariantGroup;
			children = (
				6974B04620DAB34E00514BD4 /* Base */,
			);
			name = LaunchScreen.storyboard;
			sourceTree = "<group>";
		};
/* End PBXVariantGroup section */

/* Begin XCBuildConfiguration section */
		6974B05F20DAB34E00514BD4 /* Debug */ = {
			isa = XCBuildConfiguration;
			buildSettings = {
				ALWAYS_SEARCH_USER_PATHS = NO;
				CLANG_ANALYZER_NONNULL = YES;
				CLANG_ANALYZER_NUMBER_OBJECT_CONVERSION = YES_AGGRESSIVE;
				CLANG_CXX_LANGUAGE_STANDARD = "gnu++14";
				CLANG_CXX_LIBRARY = "libc++";
				CLANG_ENABLE_MODULES = YES;
				CLANG_ENABLE_OBJC_ARC = YES;
				CLANG_WARN_BLOCK_CAPTURE_AUTORELEASING = YES;
				CLANG_WARN_BOOL_CONVERSION = YES;
				CLANG_WARN_COMMA = YES;
				CLANG_WARN_CONSTANT_CONVERSION = YES;
				CLANG_WARN_DIRECT_OBJC_ISA_USAGE = YES_ERROR;
				CLANG_WARN_DOCUMENTATION_COMMENTS = YES;
				CLANG_WARN_EMPTY_BODY = YES;
				CLANG_WARN_ENUM_CONVERSION = YES;
				CLANG_WARN_INFINITE_RECURSION = YES;
				CLANG_WARN_INT_CONVERSION = YES;
				CLANG_WARN_NON_LITERAL_NULL_CONVERSION = YES;
				CLANG_WARN_OBJC_LITERAL_CONVERSION = YES;
				CLANG_WARN_OBJC_ROOT_CLASS = YES_ERROR;
				CLANG_WARN_RANGE_LOOP_ANALYSIS = YES;
				CLANG_WARN_STRICT_PROTOTYPES = YES;
				CLANG_WARN_SUSPICIOUS_MOVE = YES;
				CLANG_WARN_UNGUARDED_AVAILABILITY = YES_AGGRESSIVE;
				CLANG_WARN_UNREACHABLE_CODE = YES;
				CLANG_WARN__DUPLICATE_METHOD_MATCH = YES;
				CODE_SIGN_IDENTITY = "iPhone Developer";
				COPY_PHASE_STRIP = NO;
				DEBUG_INFORMATION_FORMAT = dwarf;
				ENABLE_STRICT_OBJC_MSGSEND = YES;
				ENABLE_TESTABILITY = YES;
				GCC_C_LANGUAGE_STANDARD = gnu11;
				GCC_DYNAMIC_NO_PIC = NO;
				GCC_NO_COMMON_BLOCKS = YES;
				GCC_OPTIMIZATION_LEVEL = 0;
				GCC_PREPROCESSOR_DEFINITIONS = (
					"DEBUG=1",
					"$(inherited)",
				);
				GCC_WARN_64_TO_32_BIT_CONVERSION = YES;
				GCC_WARN_ABOUT_RETURN_TYPE = YES_ERROR;
				GCC_WARN_UNDECLARED_SELECTOR = YES;
				GCC_WARN_UNINITIALIZED_AUTOS = YES_AGGRESSIVE;
				GCC_WARN_UNUSED_FUNCTION = YES;
				GCC_WARN_UNUSED_VARIABLE = YES;
				IPHONEOS_DEPLOYMENT_TARGET = 11.2;
				MTL_ENABLE_DEBUG_INFO = YES;
				ONLY_ACTIVE_ARCH = YES;
				SDKROOT = iphoneos;
				SWIFT_ACTIVE_COMPILATION_CONDITIONS = DEBUG;
				SWIFT_OPTIMIZATION_LEVEL = "-Onone";
			};
			name = Debug;
		};
		6974B06020DAB34E00514BD4 /* Release */ = {
			isa = XCBuildConfiguration;
			buildSettings = {
				ALWAYS_SEARCH_USER_PATHS = NO;
				CLANG_ANALYZER_NONNULL = YES;
				CLANG_ANALYZER_NUMBER_OBJECT_CONVERSION = YES_AGGRESSIVE;
				CLANG_CXX_LANGUAGE_STANDARD = "gnu++14";
				CLANG_CXX_LIBRARY = "libc++";
				CLANG_ENABLE_MODULES = YES;
				CLANG_ENABLE_OBJC_ARC = YES;
				CLANG_WARN_BLOCK_CAPTURE_AUTORELEASING = YES;
				CLANG_WARN_BOOL_CONVERSION = YES;
				CLANG_WARN_COMMA = YES;
				CLANG_WARN_CONSTANT_CONVERSION = YES;
				CLANG_WARN_DIRECT_OBJC_ISA_USAGE = YES_ERROR;
				CLANG_WARN_DOCUMENTATION_COMMENTS = YES;
				CLANG_WARN_EMPTY_BODY = YES;
				CLANG_WARN_ENUM_CONVERSION = YES;
				CLANG_WARN_INFINITE_RECURSION = YES;
				CLANG_WARN_INT_CONVERSION = YES;
				CLANG_WARN_NON_LITERAL_NULL_CONVERSION = YES;
				CLANG_WARN_OBJC_LITERAL_CONVERSION = YES;
				CLANG_WARN_OBJC_ROOT_CLASS = YES_ERROR;
				CLANG_WARN_RANGE_LOOP_ANALYSIS = YES;
				CLANG_WARN_STRICT_PROTOTYPES = YES;
				CLANG_WARN_SUSPICIOUS_MOVE = YES;
				CLANG_WARN_UNGUARDED_AVAILABILITY = YES_AGGRESSIVE;
				CLANG_WARN_UNREACHABLE_CODE = YES;
				CLANG_WARN__DUPLICATE_METHOD_MATCH = YES;
				CODE_SIGN_IDENTITY = "iPhone Developer";
				COPY_PHASE_STRIP = NO;
				DEBUG_INFORMATION_FORMAT = "dwarf-with-dsym";
				ENABLE_NS_ASSERTIONS = NO;
				ENABLE_STRICT_OBJC_MSGSEND = YES;
				GCC_C_LANGUAGE_STANDARD = gnu11;
				GCC_NO_COMMON_BLOCKS = YES;
				GCC_WARN_64_TO_32_BIT_CONVERSION = YES;
				GCC_WARN_ABOUT_RETURN_TYPE = YES_ERROR;
				GCC_WARN_UNDECLARED_SELECTOR = YES;
				GCC_WARN_UNINITIALIZED_AUTOS = YES_AGGRESSIVE;
				GCC_WARN_UNUSED_FUNCTION = YES;
				GCC_WARN_UNUSED_VARIABLE = YES;
				IPHONEOS_DEPLOYMENT_TARGET = 11.2;
				MTL_ENABLE_DEBUG_INFO = NO;
				SDKROOT = iphoneos;
				SWIFT_OPTIMIZATION_LEVEL = "-Owholemodule";
				VALIDATE_PRODUCT = YES;
			};
			name = Release;
		};
		6974B06220DAB34E00514BD4 /* Debug */ = {
			isa = XCBuildConfiguration;
			buildSettings = {
				ASSETCATALOG_COMPILER_APPICON_NAME = AppIcon;
				CODE_SIGN_STYLE = Automatic;
				DEVELOPMENT_TEAM = LG48ACYCEG;
				INFOPLIST_FILE = BitriseIssueFixer/Info.plist;
				LD_RUNPATH_SEARCH_PATHS = "$(inherited) @executable_path/Frameworks";
				PRODUCT_BUNDLE_IDENTIFIER = com.britishairways.BitriseIssueFixer;
				PRODUCT_NAME = "$(TARGET_NAME)";
				SWIFT_VERSION = 4.0;
				TARGETED_DEVICE_FAMILY = "1,2";
			};
			name = Debug;
		};
		6974B06320DAB34E00514BD4 /* Release */ = {
			isa = XCBuildConfiguration;
			buildSettings = {
				ASSETCATALOG_COMPILER_APPICON_NAME = AppIcon;
				CODE_SIGN_STYLE = Automatic;
				DEVELOPMENT_TEAM = LG48ACYCEG;
				INFOPLIST_FILE = BitriseIssueFixer/Info.plist;
				LD_RUNPATH_SEARCH_PATHS = "$(inherited) @executable_path/Frameworks";
				PRODUCT_BUNDLE_IDENTIFIER = com.britishairways.BitriseIssueFixer;
				PRODUCT_NAME = "$(TARGET_NAME)";
				SWIFT_VERSION = 4.0;
				TARGETED_DEVICE_FAMILY = "1,2";
			};
			name = Release;
		};
		6974B06520DAB34E00514BD4 /* Debug */ = {
			isa = XCBuildConfiguration;
			buildSettings = {
				ALWAYS_EMBED_SWIFT_STANDARD_LIBRARIES = YES;
				BUNDLE_LOADER = "$(TEST_HOST)";
				CODE_SIGN_STYLE = Automatic;
				DEVELOPMENT_TEAM = LG48ACYCEG;
				INFOPLIST_FILE = BitriseIssueFixerTests/Info.plist;
				LD_RUNPATH_SEARCH_PATHS = "$(inherited) @executable_path/Frameworks @loader_path/Frameworks";
				PRODUCT_BUNDLE_IDENTIFIER = com.britishairways.BitriseIssueFixerTests;
				PRODUCT_NAME = "$(TARGET_NAME)";
				SWIFT_VERSION = 4.0;
				TARGETED_DEVICE_FAMILY = "1,2";
				TEST_HOST = "$(BUILT_PRODUCTS_DIR)/BitriseIssueFixer.app/BitriseIssueFixer";
			};
			name = Debug;
		};
		6974B06620DAB34E00514BD4 /* Release */ = {
			isa = XCBuildConfiguration;
			buildSettings = {
				ALWAYS_EMBED_SWIFT_STANDARD_LIBRARIES = YES;
				BUNDLE_LOADER = "$(TEST_HOST)";
				CODE_SIGN_STYLE = Automatic;
				DEVELOPMENT_TEAM = LG48ACYCEG;
				INFOPLIST_FILE = BitriseIssueFixerTests/Info.plist;
				LD_RUNPATH_SEARCH_PATHS = "$(inherited) @executable_path/Frameworks @loader_path/Frameworks";
				PRODUCT_BUNDLE_IDENTIFIER = com.britishairways.BitriseIssueFixerTests;
				PRODUCT_NAME = "$(TARGET_NAME)";
				SWIFT_VERSION = 4.0;
				TARGETED_DEVICE_FAMILY = "1,2";
				TEST_HOST = "$(BUILT_PRODUCTS_DIR)/BitriseIssueFixer.app/BitriseIssueFixer";
			};
			name = Release;
		};
		6974B06820DAB34E00514BD4 /* Debug */ = {
			isa = XCBuildConfiguration;
			buildSettings = {
				ALWAYS_EMBED_SWIFT_STANDARD_LIBRARIES = YES;
				CODE_SIGN_STYLE = Automatic;
				DEVELOPMENT_TEAM = LG48ACYCEG;
				INFOPLIST_FILE = BitriseIssueFixerUITests/Info.plist;
				LD_RUNPATH_SEARCH_PATHS = "$(inherited) @executable_path/Frameworks @loader_path/Frameworks";
				PRODUCT_BUNDLE_IDENTIFIER = com.britishairways.BitriseIssueFixerUITests;
				PRODUCT_NAME = "$(TARGET_NAME)";
				SWIFT_VERSION = 4.0;
				TARGETED_DEVICE_FAMILY = "1,2";
				TEST_TARGET_NAME = BitriseIssueFixer;
			};
			name = Debug;
		};
		6974B06920DAB34E00514BD4 /* Release */ = {
			isa = XCBuildConfiguration;
			buildSettings = {
				ALWAYS_EMBED_SWIFT_STANDARD_LIBRARIES = YES;
				CODE_SIGN_STYLE = Automatic;
				DEVELOPMENT_TEAM = LG48ACYCEG;
				INFOPLIST_FILE = BitriseIssueFixerUITests/Info.plist;
				LD_RUNPATH_SEARCH_PATHS = "$(inherited) @executable_path/Frameworks @loader_path/Frameworks";
				PRODUCT_BUNDLE_IDENTIFIER = com.britishairways.BitriseIssueFixerUITests;
				PRODUCT_NAME = "$(TARGET_NAME)";
				SWIFT_VERSION = 4.0;
				TARGETED_DEVICE_FAMILY = "1,2";
				TEST_TARGET_NAME = BitriseIssueFixer;
			};
			name = Release;
		};
/* End XCBuildConfiguration section */

/* Begin XCConfigurationList section */
		6974B03420DAB34E00514BD4 /* Build configuration list for PBXProject "BitriseIssueFixer" */ = {
			isa = XCConfigurationList;
			buildConfigurations = (
				6974B05F20DAB34E00514BD4 /* Debug */,
				6974B06020DAB34E00514BD4 /* Release */,
			);
			defaultConfigurationIsVisible = 0;
			defaultConfigurationName = Release;
		};
		6974B06120DAB34E00514BD4 /* Build configuration list for PBXNativeTarget "BitriseIssueFixer" */ = {
			isa = XCConfigurationList;
			buildConfigurations = (
				6974B06220DAB34E00514BD4 /* Debug */,
				6974B06320DAB34E00514BD4 /* Release */,
			);
			defaultConfigurationIsVisible = 0;
			defaultConfigurationName = Release;
		};
		6974B06420DAB34E00514BD4 /* Build configuration list for PBXNativeTarget "BitriseIssueFixerTests" */ = {
			isa = XCConfigurationList;
			buildConfigurations = (
				6974B06520DAB34E00514BD4 /* Debug */,
				6974B06620DAB34E00514BD4 /* Release */,
			);
			defaultConfigurationIsVisible = 0;
			defaultConfigurationName = Release;
		};
		6974B06720DAB34E00514BD4 /* Build configuration list for PBXNativeTarget "BitriseIssueFixerUITests" */ = {
			isa = XCConfigurationList;
			buildConfigurations = (
				6974B06820DAB34E00514BD4 /* Debug */,
				6974B06920DAB34E00514BD4 /* Release */,
			);
			defaultConfigurationIsVisible = 0;
			defaultConfigurationName = Release;
		};
/* End XCConfigurationList section */
	};
	rootObject = 6974B03120DAB34E00514BD4 /* Project object */;
}
